
Microsoft Visual Studio Solution File, Format Version 12.00
# Visual Studio Version 16
VisualStudioVersion = 16.0.31205.134
MinimumVisualStudioVersion = 10.0.40219.1
Project("{FAE04EC0-301F-11D3-BF4B-00C04F79EFBC}") = "HardwareStore", "HardwareStore.csproj", "{7B8B9433-D8AA-4C3E-8868-C3D0A7EDA837}"
EndProject
Global
	GlobalSection(SolutionConfigurationPlatforms) = preSolution
		Debug|Any CPU = Debug|Any CPU
		Release|Any CPU = Release|Any CPU
	EndGlobalSection
	GlobalSection(ProjectConfigurationPlatforms) = postSolution
		{7B8B9433-D8AA-4C3E-8868-C3D0A7EDA837}.Debug|Any CPU.ActiveCfg = Debug|Any CPU
		{7B8B9433-D8AA-4C3E-8868-C3D0A7EDA837}.Debug|Any CPU.Build.0 = Debug|Any CPU
		{7B8B9433-D8AA-4C3E-8868-C3D0A7EDA837}.Release|Any CPU.ActiveCfg = Release|Any CPU
		{7B8B9433-D8AA-4C3E-8868-C3D0A7EDA837}.Release|Any CPU.Build.0 = Release|Any CPU
	EndGlobalSection
	GlobalSection(SolutionProperties) = preSolution
		HideSolutionNode = FALSE
	EndGlobalSection
	GlobalSection(ExtensibilityGlobals) = postSolution
		SolutionGuid = {AF4A0731-EB68-47EE-ACB3-1DB2795733E3}
	EndGlobalSection
EndGlobal
